// !$*UTF8*$!
{
	archiveVersion = 1;
	classes = {
	};
	objectVersion = 46;
	objects = {

/* Begin PBXBuildFile section */
		0C0ABE8324A716FB377F0800 /* Pods_C_FEED.framework in Frameworks */ = {isa = PBXBuildFile; fileRef = FE63AF0120EA562222216B1C /* Pods_C_FEED.framework */; settings = {ATTRIBUTES = (Weak, ); }; };
		5511C7311AF9BD9F00EA8E3C /* TwitterService.swift in Sources */ = {isa = PBXBuildFile; fileRef = 5511C7301AF9BD9F00EA8E3C /* TwitterService.swift */; };
		5511C7331AF9CE4E00EA8E3C /* TwitterUser.swift in Sources */ = {isa = PBXBuildFile; fileRef = 5511C7321AF9CE4E00EA8E3C /* TwitterUser.swift */; };
		5511C7351AF9CE5900EA8E3C /* TwitterTweet.swift in Sources */ = {isa = PBXBuildFile; fileRef = 5511C7341AF9CE5900EA8E3C /* TwitterTweet.swift */; };
		552471491AF5B0E9008F1C24 /* AppDelegate.swift in Sources */ = {isa = PBXBuildFile; fileRef = 552471481AF5B0E9008F1C24 /* AppDelegate.swift */; };
		5524714E1AF5B0E9008F1C24 /* Main.storyboard in Resources */ = {isa = PBXBuildFile; fileRef = 5524714C1AF5B0E9008F1C24 /* Main.storyboard */; };
		552471501AF5B0E9008F1C24 /* Images.xcassets in Resources */ = {isa = PBXBuildFile; fileRef = 5524714F1AF5B0E9008F1C24 /* Images.xcassets */; };
		552471531AF5B0E9008F1C24 /* LaunchScreen.xib in Resources */ = {isa = PBXBuildFile; fileRef = 552471511AF5B0E9008F1C24 /* LaunchScreen.xib */; };
		55569FC81AF6C30E005BB21A /* SACFFavoritesVC.swift in Sources */ = {isa = PBXBuildFile; fileRef = 55569FC71AF6C30E005BB21A /* SACFFavoritesVC.swift */; };
		55569FCB1AF6C351005BB21A /* SACFMainTabBarVC.swift in Sources */ = {isa = PBXBuildFile; fileRef = 55569FCA1AF6C351005BB21A /* SACFMainTabBarVC.swift */; };
		55569FCD1AF6C36D005BB21A /* SACFSearchVC.swift in Sources */ = {isa = PBXBuildFile; fileRef = 55569FCC1AF6C36D005BB21A /* SACFSearchVC.swift */; };
		55569FCF1AF6C757005BB21A /* SACFUserDataPersistence.swift in Sources */ = {isa = PBXBuildFile; fileRef = 55569FCE1AF6C757005BB21A /* SACFUserDataPersistence.swift */; };
		55569FD11AF6C76E005BB21A /* SACFRequestManager.swift in Sources */ = {isa = PBXBuildFile; fileRef = 55569FD01AF6C76E005BB21A /* SACFRequestManager.swift */; };
		55569FD31AF6C796005BB21A /* SACFPolitician.swift in Sources */ = {isa = PBXBuildFile; fileRef = 55569FD21AF6C796005BB21A /* SACFPolitician.swift */; };
		55569FD71AF6D179005BB21A /* SACFRole.swift in Sources */ = {isa = PBXBuildFile; fileRef = 55569FD61AF6D179005BB21A /* SACFRole.swift */; };
		55569FD91AF6E98C005BB21A /* SACFPoliticianTVC.swift in Sources */ = {isa = PBXBuildFile; fileRef = 55569FD81AF6E98C005BB21A /* SACFPoliticianTVC.swift */; };
		557044681AF736F3002D4C1D /* SACFCongress.swift in Sources */ = {isa = PBXBuildFile; fileRef = 557044671AF736F3002D4C1D /* SACFCongress.swift */; };
		5570446A1AF752C6002D4C1D /* SACFPoliticianDetailsNC.swift in Sources */ = {isa = PBXBuildFile; fileRef = 557044691AF752C6002D4C1D /* SACFPoliticianDetailsNC.swift */; };
		5570446C1AF752FF002D4C1D /* SACFPoliticianDetailsVC.swift in Sources */ = {isa = PBXBuildFile; fileRef = 5570446B1AF752FF002D4C1D /* SACFPoliticianDetailsVC.swift */; };
		55EBE1DC1AF8618C00D33B4B /* SACFCongressManager.swift in Sources */ = {isa = PBXBuildFile; fileRef = 55EBE1DB1AF8618C00D33B4B /* SACFCongressManager.swift */; };
/* End PBXBuildFile section */

/* Begin PBXFileReference section */
		1D1405DD96428EE39028929F /* Pods-C-FEED.debug.xcconfig */ = {isa = PBXFileReference; includeInIndex = 1; lastKnownFileType = text.xcconfig; name = "Pods-C-FEED.debug.xcconfig"; path = "Pods/Target Support Files/Pods-C-FEED/Pods-C-FEED.debug.xcconfig"; sourceTree = "<group>"; };
		5511C7301AF9BD9F00EA8E3C /* TwitterService.swift */ = {isa = PBXFileReference; fileEncoding = 4; lastKnownFileType = sourcecode.swift; name = TwitterService.swift; path = Services/TwitterService.swift; sourceTree = "<group>"; };
		5511C7321AF9CE4E00EA8E3C /* TwitterUser.swift */ = {isa = PBXFileReference; fileEncoding = 4; lastKnownFileType = sourcecode.swift; name = TwitterUser.swift; path = Services/TwitterUser.swift; sourceTree = "<group>"; };
		5511C7341AF9CE5900EA8E3C /* TwitterTweet.swift */ = {isa = PBXFileReference; fileEncoding = 4; lastKnownFileType = sourcecode.swift; path = TwitterTweet.swift; sourceTree = "<group>"; };
		552471431AF5B0E9008F1C24 /* C-FEED.app */ = {isa = PBXFileReference; explicitFileType = wrapper.application; includeInIndex = 0; path = "C-FEED.app"; sourceTree = BUILT_PRODUCTS_DIR; };
		552471471AF5B0E9008F1C24 /* Info.plist */ = {isa = PBXFileReference; lastKnownFileType = text.plist.xml; path = Info.plist; sourceTree = "<group>"; };
		552471481AF5B0E9008F1C24 /* AppDelegate.swift */ = {isa = PBXFileReference; lastKnownFileType = sourcecode.swift; path = AppDelegate.swift; sourceTree = "<group>"; };
		5524714D1AF5B0E9008F1C24 /* Base */ = {isa = PBXFileReference; lastKnownFileType = file.storyboard; name = Base; path = Base.lproj/Main.storyboard; sourceTree = "<group>"; };
		5524714F1AF5B0E9008F1C24 /* Images.xcassets */ = {isa = PBXFileReference; lastKnownFileType = folder.assetcatalog; path = Images.xcassets; sourceTree = "<group>"; };
		552471521AF5B0E9008F1C24 /* Base */ = {isa = PBXFileReference; lastKnownFileType = file.xib; name = Base; path = Base.lproj/LaunchScreen.xib; sourceTree = "<group>"; };
		55569FC71AF6C30E005BB21A /* SACFFavoritesVC.swift */ = {isa = PBXFileReference; fileEncoding = 4; lastKnownFileType = sourcecode.swift; path = SACFFavoritesVC.swift; sourceTree = "<group>"; };
		55569FCA1AF6C351005BB21A /* SACFMainTabBarVC.swift */ = {isa = PBXFileReference; fileEncoding = 4; lastKnownFileType = sourcecode.swift; path = SACFMainTabBarVC.swift; sourceTree = "<group>"; };
		55569FCC1AF6C36D005BB21A /* SACFSearchVC.swift */ = {isa = PBXFileReference; fileEncoding = 4; lastKnownFileType = sourcecode.swift; path = SACFSearchVC.swift; sourceTree = "<group>"; };
		55569FCE1AF6C757005BB21A /* SACFUserDataPersistence.swift */ = {isa = PBXFileReference; fileEncoding = 4; lastKnownFileType = sourcecode.swift; path = SACFUserDataPersistence.swift; sourceTree = "<group>"; };
		55569FD01AF6C76E005BB21A /* SACFRequestManager.swift */ = {isa = PBXFileReference; fileEncoding = 4; lastKnownFileType = sourcecode.swift; path = SACFRequestManager.swift; sourceTree = "<group>"; };
		55569FD21AF6C796005BB21A /* SACFPolitician.swift */ = {isa = PBXFileReference; fileEncoding = 4; lastKnownFileType = sourcecode.swift; path = SACFPolitician.swift; sourceTree = "<group>"; };
		55569FD61AF6D179005BB21A /* SACFRole.swift */ = {isa = PBXFileReference; fileEncoding = 4; lastKnownFileType = sourcecode.swift; path = SACFRole.swift; sourceTree = "<group>"; };
		55569FD81AF6E98C005BB21A /* SACFPoliticianTVC.swift */ = {isa = PBXFileReference; fileEncoding = 4; lastKnownFileType = sourcecode.swift; path = SACFPoliticianTVC.swift; sourceTree = "<group>"; };
		557044671AF736F3002D4C1D /* SACFCongress.swift */ = {isa = PBXFileReference; fileEncoding = 4; lastKnownFileType = sourcecode.swift; path = SACFCongress.swift; sourceTree = "<group>"; };
		557044691AF752C6002D4C1D /* SACFPoliticianDetailsNC.swift */ = {isa = PBXFileReference; fileEncoding = 4; lastKnownFileType = sourcecode.swift; name = SACFPoliticianDetailsNC.swift; path = ViewControllers/SACFPoliticianDetailsNC.swift; sourceTree = "<group>"; };
		5570446B1AF752FF002D4C1D /* SACFPoliticianDetailsVC.swift */ = {isa = PBXFileReference; fileEncoding = 4; lastKnownFileType = sourcecode.swift; name = SACFPoliticianDetailsVC.swift; path = ViewControllers/SACFPoliticianDetailsVC.swift; sourceTree = "<group>"; };
		55EBE1DB1AF8618C00D33B4B /* SACFCongressManager.swift */ = {isa = PBXFileReference; fileEncoding = 4; lastKnownFileType = sourcecode.swift; path = SACFCongressManager.swift; sourceTree = "<group>"; };
		5733CD32697CAFA3035F310B /* Pods-C-FEED.release.xcconfig */ = {isa = PBXFileReference; includeInIndex = 1; lastKnownFileType = text.xcconfig; name = "Pods-C-FEED.release.xcconfig"; path = "Pods/Target Support Files/Pods-C-FEED/Pods-C-FEED.release.xcconfig"; sourceTree = "<group>"; };
		FE63AF0120EA562222216B1C /* Pods_C_FEED.framework */ = {isa = PBXFileReference; explicitFileType = wrapper.framework; includeInIndex = 0; path = Pods_C_FEED.framework; sourceTree = BUILT_PRODUCTS_DIR; };
/* End PBXFileReference section */

/* Begin PBXFrameworksBuildPhase section */
		552471401AF5B0E9008F1C24 /* Frameworks */ = {
			isa = PBXFrameworksBuildPhase;
			buildActionMask = 2147483647;
			files = (
				0C0ABE8324A716FB377F0800 /* Pods_C_FEED.framework in Frameworks */,
			);
			runOnlyForDeploymentPostprocessing = 0;
		};
/* End PBXFrameworksBuildPhase section */

/* Begin PBXGroup section */
		5484C744021E52ABF2D4B8F0 /* Frameworks */ = {
			isa = PBXGroup;
			children = (
				FE63AF0120EA562222216B1C /* Pods_C_FEED.framework */,
			);
			name = Frameworks;
			sourceTree = "<group>";
		};
		5511C72F1AF9BD4E00EA8E3C /* Services */ = {
			isa = PBXGroup;
			children = (
				5511C7301AF9BD9F00EA8E3C /* TwitterService.swift */,
				5511C7321AF9CE4E00EA8E3C /* TwitterUser.swift */,
				5511C7341AF9CE5900EA8E3C /* TwitterTweet.swift */,
			);
			name = Services;
			sourceTree = "<group>";
		};
		5524713A1AF5B0E9008F1C24 = {
			isa = PBXGroup;
			children = (
				552471451AF5B0E9008F1C24 /* C-FEED */,
				552471441AF5B0E9008F1C24 /* Products */,
				DABD8F2F8D13AD7C9E3E8E72 /* Pods */,
				5484C744021E52ABF2D4B8F0 /* Frameworks */,
			);
			sourceTree = "<group>";
		};
		552471441AF5B0E9008F1C24 /* Products */ = {
			isa = PBXGroup;
			children = (
				552471431AF5B0E9008F1C24 /* C-FEED.app */,
			);
			name = Products;
			sourceTree = "<group>";
		};
		552471451AF5B0E9008F1C24 /* C-FEED */ = {
			isa = PBXGroup;
			children = (
				5511C72F1AF9BD4E00EA8E3C /* Services */,
				552471481AF5B0E9008F1C24 /* AppDelegate.swift */,
				5524714C1AF5B0E9008F1C24 /* Main.storyboard */,
				55569FD51AF6C7A9005BB21A /* Utilities */,
				55569FD41AF6C79D005BB21A /* Models */,
				55569FC91AF6C319005BB21A /* ViewControllers */,
				552471461AF5B0E9008F1C24 /* Supporting Files */,
				5524714F1AF5B0E9008F1C24 /* Images.xcassets */,
				552471511AF5B0E9008F1C24 /* LaunchScreen.xib */,
			);
			path = "C-FEED";
			sourceTree = "<group>";
		};
		552471461AF5B0E9008F1C24 /* Supporting Files */ = {
			isa = PBXGroup;
			children = (
				552471471AF5B0E9008F1C24 /* Info.plist */,
			);
			name = "Supporting Files";
			sourceTree = "<group>";
		};
		55569FC91AF6C319005BB21A /* ViewControllers */ = {
			isa = PBXGroup;
			children = (
				55569FCA1AF6C351005BB21A /* SACFMainTabBarVC.swift */,
				55569FCC1AF6C36D005BB21A /* SACFSearchVC.swift */,
				55569FC71AF6C30E005BB21A /* SACFFavoritesVC.swift */,
				55569FD81AF6E98C005BB21A /* SACFPoliticianTVC.swift */,
				557044691AF752C6002D4C1D /* SACFPoliticianDetailsNC.swift */,
				5570446B1AF752FF002D4C1D /* SACFPoliticianDetailsVC.swift */,
			);
			name = ViewControllers;
			sourceTree = "<group>";
		};
		55569FD41AF6C79D005BB21A /* Models */ = {
			isa = PBXGroup;
			children = (
				55EBE1DB1AF8618C00D33B4B /* SACFCongressManager.swift */,
				557044671AF736F3002D4C1D /* SACFCongress.swift */,
				55569FD21AF6C796005BB21A /* SACFPolitician.swift */,
				55569FD61AF6D179005BB21A /* SACFRole.swift */,
			);
			name = Models;
			sourceTree = "<group>";
		};
		55569FD51AF6C7A9005BB21A /* Utilities */ = {
			isa = PBXGroup;
			children = (
				55569FCE1AF6C757005BB21A /* SACFUserDataPersistence.swift */,
				55569FD01AF6C76E005BB21A /* SACFRequestManager.swift */,
			);
			name = Utilities;
			sourceTree = "<group>";
		};
		DABD8F2F8D13AD7C9E3E8E72 /* Pods */ = {
			isa = PBXGroup;
			children = (
				1D1405DD96428EE39028929F /* Pods-C-FEED.debug.xcconfig */,
				5733CD32697CAFA3035F310B /* Pods-C-FEED.release.xcconfig */,
			);
			name = Pods;
			sourceTree = "<group>";
		};
/* End PBXGroup section */

/* Begin PBXNativeTarget section */
		552471421AF5B0E9008F1C24 /* C-FEED */ = {
			isa = PBXNativeTarget;
			buildConfigurationList = 552471621AF5B0E9008F1C24 /* Build configuration list for PBXNativeTarget "C-FEED" */;
			buildPhases = (
				DAF9B97EC49D63A132107A69 /* Check Pods Manifest.lock */,
				5524713F1AF5B0E9008F1C24 /* Sources */,
				552471401AF5B0E9008F1C24 /* Frameworks */,
				552471411AF5B0E9008F1C24 /* Resources */,
				0DFFBE01EC92CEAE73696B67 /* Embed Pods Frameworks */,
				9B14B9E7D0DF87282181D07C /* Copy Pods Resources */,
			);
			buildRules = (
			);
			dependencies = (
			);
			name = "C-FEED";
			productName = "C-FEED";
			productReference = 552471431AF5B0E9008F1C24 /* C-FEED.app */;
			productType = "com.apple.product-type.application";
		};
/* End PBXNativeTarget section */

/* Begin PBXProject section */
		5524713B1AF5B0E9008F1C24 /* Project object */ = {
			isa = PBXProject;
			attributes = {
				LastUpgradeCheck = 0630;
				ORGANIZATIONNAME = SoupyApps;
				TargetAttributes = {
					552471421AF5B0E9008F1C24 = {
						CreatedOnToolsVersion = 6.3.1;
					};
				};
			};
			buildConfigurationList = 5524713E1AF5B0E9008F1C24 /* Build configuration list for PBXProject "C-FEED" */;
			compatibilityVersion = "Xcode 3.2";
			developmentRegion = English;
			hasScannedForEncodings = 0;
			knownRegions = (
				en,
				Base,
			);
			mainGroup = 5524713A1AF5B0E9008F1C24;
			productRefGroup = 552471441AF5B0E9008F1C24 /* Products */;
			projectDirPath = "";
			projectRoot = "";
			targets = (
				552471421AF5B0E9008F1C24 /* C-FEED */,
			);
		};
/* End PBXProject section */

/* Begin PBXResourcesBuildPhase section */
		552471411AF5B0E9008F1C24 /* Resources */ = {
			isa = PBXResourcesBuildPhase;
			buildActionMask = 2147483647;
			files = (
				5524714E1AF5B0E9008F1C24 /* Main.storyboard in Resources */,
				552471531AF5B0E9008F1C24 /* LaunchScreen.xib in Resources */,
				552471501AF5B0E9008F1C24 /* Images.xcassets in Resources */,
			);
			runOnlyForDeploymentPostprocessing = 0;
		};
/* End PBXResourcesBuildPhase section */

/* Begin PBXShellScriptBuildPhase section */
		0DFFBE01EC92CEAE73696B67 /* Embed Pods Frameworks */ = {
			isa = PBXShellScriptBuildPhase;
			buildActionMask = 2147483647;
			files = (
			);
			inputPaths = (
			);
			name = "Embed Pods Frameworks";
			outputPaths = (
			);
			runOnlyForDeploymentPostprocessing = 0;
			shellPath = /bin/sh;
			shellScript = "\"${SRCROOT}/Pods/Target Support Files/Pods-C-FEED/Pods-C-FEED-frameworks.sh\"\n";
			showEnvVarsInLog = 0;
		};
		9B14B9E7D0DF87282181D07C /* Copy Pods Resources */ = {
			isa = PBXShellScriptBuildPhase;
			buildActionMask = 2147483647;
			files = (
			);
			inputPaths = (
			);
			name = "Copy Pods Resources";
			outputPaths = (
			);
			runOnlyForDeploymentPostprocessing = 0;
			shellPath = /bin/sh;
			shellScript = "\"${SRCROOT}/Pods/Target Support Files/Pods-C-FEED/Pods-C-FEED-resources.sh\"\n";
			showEnvVarsInLog = 0;
		};
		DAF9B97EC49D63A132107A69 /* Check Pods Manifest.lock */ = {
			isa = PBXShellScriptBuildPhase;
			buildActionMask = 2147483647;
			files = (
			);
			inputPaths = (
			);
			name = "Check Pods Manifest.lock";
			outputPaths = (
			);
			runOnlyForDeploymentPostprocessing = 0;
			shellPath = /bin/sh;
			shellScript = "diff \"${PODS_ROOT}/../Podfile.lock\" \"${PODS_ROOT}/Manifest.lock\" > /dev/null\nif [[ $? != 0 ]] ; then\n    cat << EOM\nerror: The sandbox is not in sync with the Podfile.lock. Run 'pod install' or update your CocoaPods installation.\nEOM\n    exit 1\nfi\n";
			showEnvVarsInLog = 0;
		};
/* End PBXShellScriptBuildPhase section */

/* Begin PBXSourcesBuildPhase section */
		5524713F1AF5B0E9008F1C24 /* Sources */ = {
			isa = PBXSourcesBuildPhase;
			buildActionMask = 2147483647;
			files = (
				5570446A1AF752C6002D4C1D /* SACFPoliticianDetailsNC.swift in Sources */,
				5570446C1AF752FF002D4C1D /* SACFPoliticianDetailsVC.swift in Sources */,
				5511C7311AF9BD9F00EA8E3C /* TwitterService.swift in Sources */,
				5511C7351AF9CE5900EA8E3C /* TwitterTweet.swift in Sources */,
				55569FD31AF6C796005BB21A /* SACFPolitician.swift in Sources */,
				55569FCD1AF6C36D005BB21A /* SACFSearchVC.swift in Sources */,
				55EBE1DC1AF8618C00D33B4B /* SACFCongressManager.swift in Sources */,
				55569FC81AF6C30E005BB21A /* SACFFavoritesVC.swift in Sources */,
				55569FD91AF6E98C005BB21A /* SACFPoliticianTVC.swift in Sources */,
				55569FD11AF6C76E005BB21A /* SACFRequestManager.swift in Sources */,
				55569FD71AF6D179005BB21A /* SACFRole.swift in Sources */,
				55569FCF1AF6C757005BB21A /* SACFUserDataPersistence.swift in Sources */,
				552471491AF5B0E9008F1C24 /* AppDelegate.swift in Sources */,
				55569FCB1AF6C351005BB21A /* SACFMainTabBarVC.swift in Sources */,
				5511C7331AF9CE4E00EA8E3C /* TwitterUser.swift in Sources */,
				557044681AF736F3002D4C1D /* SACFCongress.swift in Sources */,
			);
			runOnlyForDeploymentPostprocessing = 0;
		};
/* End PBXSourcesBuildPhase section */

/* Begin PBXVariantGroup section */
		5524714C1AF5B0E9008F1C24 /* Main.storyboard */ = {
			isa = PBXVariantGroup;
			children = (
				5524714D1AF5B0E9008F1C24 /* Base */,
			);
			name = Main.storyboard;
			sourceTree = "<group>";
		};
		552471511AF5B0E9008F1C24 /* LaunchScreen.xib */ = {
			isa = PBXVariantGroup;
			children = (
				552471521AF5B0E9008F1C24 /* Base */,
			);
			name = LaunchScreen.xib;
			sourceTree = "<group>";
		};
/* End PBXVariantGroup section */

/* Begin XCBuildConfiguration section */
		552471601AF5B0E9008F1C24 /* Debug */ = {
			isa = XCBuildConfiguration;
			buildSettings = {
				ALWAYS_SEARCH_USER_PATHS = NO;
				CLANG_CXX_LANGUAGE_STANDARD = "gnu++0x";
				CLANG_CXX_LIBRARY = "libc++";
				CLANG_ENABLE_MODULES = YES;
				CLANG_ENABLE_OBJC_ARC = YES;
				CLANG_WARN_BOOL_CONVERSION = YES;
				CLANG_WARN_CONSTANT_CONVERSION = YES;
				CLANG_WARN_DIRECT_OBJC_ISA_USAGE = YES_ERROR;
				CLANG_WARN_EMPTY_BODY = YES;
				CLANG_WARN_ENUM_CONVERSION = YES;
				CLANG_WARN_INT_CONVERSION = YES;
				CLANG_WARN_OBJC_ROOT_CLASS = YES_ERROR;
				CLANG_WARN_UNREACHABLE_CODE = YES;
				CLANG_WARN__DUPLICATE_METHOD_MATCH = YES;
				"CODE_SIGN_IDENTITY[sdk=iphoneos*]" = "iPhone Developer";
				COPY_PHASE_STRIP = NO;
				DEBUG_INFORMATION_FORMAT = "dwarf-with-dsym";
				ENABLE_STRICT_OBJC_MSGSEND = YES;
				GCC_C_LANGUAGE_STANDARD = gnu99;
				GCC_DYNAMIC_NO_PIC = NO;
				GCC_NO_COMMON_BLOCKS = YES;
				GCC_OPTIMIZATION_LEVEL = 0;
				GCC_PREPROCESSOR_DEFINITIONS = (
					"DEBUG=1",
					"$(inherited)",
				);
				GCC_SYMBOLS_PRIVATE_EXTERN = NO;
				GCC_WARN_64_TO_32_BIT_CONVERSION = YES;
				GCC_WARN_ABOUT_RETURN_TYPE = YES_ERROR;
				GCC_WARN_UNDECLARED_SELECTOR = YES;
				GCC_WARN_UNINITIALIZED_AUTOS = YES_AGGRESSIVE;
				GCC_WARN_UNUSED_FUNCTION = YES;
				GCC_WARN_UNUSED_VARIABLE = YES;
				IPHONEOS_DEPLOYMENT_TARGET = 8.2;
				MTL_ENABLE_DEBUG_INFO = YES;
				ONLY_ACTIVE_ARCH = YES;
				SDKROOT = iphoneos;
				SWIFT_OPTIMIZATION_LEVEL = "-Onone";
			};
			name = Debug;
		};
		552471611AF5B0E9008F1C24 /* Release */ = {
			isa = XCBuildConfiguration;
			buildSettings = {
				ALWAYS_SEARCH_USER_PATHS = NO;
				CLANG_CXX_LANGUAGE_STANDARD = "gnu++0x";
				CLANG_CXX_LIBRARY = "libc++";
				CLANG_ENABLE_MODULES = YES;
				CLANG_ENABLE_OBJC_ARC = YES;
				CLANG_WARN_BOOL_CONVERSION = YES;
				CLANG_WARN_CONSTANT_CONVERSION = YES;
				CLANG_WARN_DIRECT_OBJC_ISA_USAGE = YES_ERROR;
				CLANG_WARN_EMPTY_BODY = YES;
				CLANG_WARN_ENUM_CONVERSION = YES;
				CLANG_WARN_INT_CONVERSION = YES;
				CLANG_WARN_OBJC_ROOT_CLASS = YES_ERROR;
				CLANG_WARN_UNREACHABLE_CODE = YES;
				CLANG_WARN__DUPLICATE_METHOD_MATCH = YES;
				"CODE_SIGN_IDENTITY[sdk=iphoneos*]" = "iPhone Developer";
				COPY_PHASE_STRIP = NO;
				DEBUG_INFORMATION_FORMAT = "dwarf-with-dsym";
				ENABLE_NS_ASSERTIONS = NO;
				ENABLE_STRICT_OBJC_MSGSEND = YES;
				GCC_C_LANGUAGE_STANDARD = gnu99;
				GCC_NO_COMMON_BLOCKS = YES;
				GCC_WARN_64_TO_32_BIT_CONVERSION = YES;
				GCC_WARN_ABOUT_RETURN_TYPE = YES_ERROR;
				GCC_WARN_UNDECLARED_SELECTOR = YES;
				GCC_WARN_UNINITIALIZED_AUTOS = YES_AGGRESSIVE;
				GCC_WARN_UNUSED_FUNCTION = YES;
				GCC_WARN_UNUSED_VARIABLE = YES;
				IPHONEOS_DEPLOYMENT_TARGET = 8.2;
				MTL_ENABLE_DEBUG_INFO = NO;
				SDKROOT = iphoneos;
				VALIDATE_PRODUCT = YES;
			};
			name = Release;
		};
		552471631AF5B0E9008F1C24 /* Debug */ = {
			isa = XCBuildConfiguration;
			baseConfigurationReference = 1D1405DD96428EE39028929F /* Pods-C-FEED.debug.xcconfig */;
			buildSettings = {
				ASSETCATALOG_COMPILER_APPICON_NAME = AppIcon;
				INFOPLIST_FILE = "C-FEED/Info.plist";
				LD_RUNPATH_SEARCH_PATHS = "$(inherited) @executable_path/Frameworks";
				PRODUCT_NAME = "$(TARGET_NAME)";
				TARGETED_DEVICE_FAMILY = 1;
			};
			name = Debug;
		};
		552471641AF5B0E9008F1C24 /* Release */ = {
			isa = XCBuildConfiguration;
			baseConfigurationReference = 5733CD32697CAFA3035F310B /* Pods-C-FEED.release.xcconfig */;
			buildSettings = {
				ASSETCATALOG_COMPILER_APPICON_NAME = AppIcon;
				INFOPLIST_FILE = "C-FEED/Info.plist";
				LD_RUNPATH_SEARCH_PATHS = "$(inherited) @executable_path/Frameworks";
				PRODUCT_NAME = "$(TARGET_NAME)";
				TARGETED_DEVICE_FAMILY = 1;
			};
			name = Release;
		};
/* End XCBuildConfiguration section */

/* Begin XCConfigurationList section */
		5524713E1AF5B0E9008F1C24 /* Build configuration list for PBXProject "C-FEED" */ = {
			isa = XCConfigurationList;
			buildConfigurations = (
				552471601AF5B0E9008F1C24 /* Debug */,
				552471611AF5B0E9008F1C24 /* Release */,
			);
			defaultConfigurationIsVisible = 0;
			defaultConfigurationName = Release;
		};
		552471621AF5B0E9008F1C24 /* Build configuration list for PBXNativeTarget "C-FEED" */ = {
			isa = XCConfigurationList;
			buildConfigurations = (
				552471631AF5B0E9008F1C24 /* Debug */,
				552471641AF5B0E9008F1C24 /* Release */,
			);
			defaultConfigurationIsVisible = 0;
			defaultConfigurationName = Release;
		};
/* End XCConfigurationList section */
	};
	rootObject = 5524713B1AF5B0E9008F1C24 /* Project object */;
}
